// !$*UTF8*$!
{
	archiveVersion = 1;
	classes = {
	};
	objectVersion = 50;
	objects = {

/* Begin PBXBuildFile section */
		1B032B7624D9CE1F0041F61B /* AppDelegate.swift in Sources */ = {isa = PBXBuildFile; fileRef = 1B032B7524D9CE1F0041F61B /* AppDelegate.swift */; };
		1B032B7824D9CE1F0041F61B /* SceneDelegate.swift in Sources */ = {isa = PBXBuildFile; fileRef = 1B032B7724D9CE1F0041F61B /* SceneDelegate.swift */; };
		1B032B7A24D9CE1F0041F61B /* MealViewController.swift in Sources */ = {isa = PBXBuildFile; fileRef = 1B032B7924D9CE1F0041F61B /* MealViewController.swift */; };
		1B032B7D24D9CE1F0041F61B /* Main.storyboard in Resources */ = {isa = PBXBuildFile; fileRef = 1B032B7B24D9CE1F0041F61B /* Main.storyboard */; };
		1B032B7F24D9CE210041F61B /* Assets.xcassets in Resources */ = {isa = PBXBuildFile; fileRef = 1B032B7E24D9CE210041F61B /* Assets.xcassets */; };
		1B032B8224D9CE210041F61B /* LaunchScreen.storyboard in Resources */ = {isa = PBXBuildFile; fileRef = 1B032B8024D9CE210041F61B /* LaunchScreen.storyboard */; };
		1B032B8D24D9CE210041F61B /* FoodTrackerTests.swift in Sources */ = {isa = PBXBuildFile; fileRef = 1B032B8C24D9CE210041F61B /* FoodTrackerTests.swift */; };
		1B5A034D24FECE40008716CC /* Meal.swift in Sources */ = {isa = PBXBuildFile; fileRef = 1B5A034C24FECE40008716CC /* Meal.swift */; };
		1B5A034F24FED651008716CC /* MealTableViewCell.swift in Sources */ = {isa = PBXBuildFile; fileRef = 1B5A034E24FED651008716CC /* MealTableViewCell.swift */; };
		1B7D8C212508027000FA606F /* MealTableViewController.swift in Sources */ = {isa = PBXBuildFile; fileRef = 1B7D8C202508027000FA606F /* MealTableViewController.swift */; };
		1B7EEC2E2511494C00A6FF52 /* README.md in Resources */ = {isa = PBXBuildFile; fileRef = 1B7EEC2D2511494C00A6FF52 /* README.md */; };
		1BAFE7B224E3177900E47264 /* RatingControll.swift in Sources */ = {isa = PBXBuildFile; fileRef = 1BAFE7B124E3177900E47264 /* RatingControll.swift */; };
/* End PBXBuildFile section */

/* Begin PBXContainerItemProxy section */
		1B032B8924D9CE210041F61B /* PBXContainerItemProxy */ = {
			isa = PBXContainerItemProxy;
			containerPortal = 1B032B6A24D9CE1F0041F61B /* Project object */;
			proxyType = 1;
			remoteGlobalIDString = 1B032B7124D9CE1F0041F61B;
			remoteInfo = FoodTracker;
		};
/* End PBXContainerItemProxy section */

/* Begin PBXFileReference section */
		1B032B7224D9CE1F0041F61B /* FoodTracker.app */ = {isa = PBXFileReference; explicitFileType = wrapper.application; includeInIndex = 0; path = FoodTracker.app; sourceTree = BUILT_PRODUCTS_DIR; };
		1B032B7524D9CE1F0041F61B /* AppDelegate.swift */ = {isa = PBXFileReference; lastKnownFileType = sourcecode.swift; path = AppDelegate.swift; sourceTree = "<group>"; };
		1B032B7724D9CE1F0041F61B /* SceneDelegate.swift */ = {isa = PBXFileReference; lastKnownFileType = sourcecode.swift; path = SceneDelegate.swift; sourceTree = "<group>"; };
		1B032B7924D9CE1F0041F61B /* MealViewController.swift */ = {isa = PBXFileReference; lastKnownFileType = sourcecode.swift; path = MealViewController.swift; sourceTree = "<group>"; };
		1B032B7C24D9CE1F0041F61B /* Base */ = {isa = PBXFileReference; lastKnownFileType = file.storyboard; name = Base; path = Base.lproj/Main.storyboard; sourceTree = "<group>"; };
		1B032B7E24D9CE210041F61B /* Assets.xcassets */ = {isa = PBXFileReference; lastKnownFileType = folder.assetcatalog; path = Assets.xcassets; sourceTree = "<group>"; };
		1B032B8124D9CE210041F61B /* Base */ = {isa = PBXFileReference; lastKnownFileType = file.storyboard; name = Base; path = Base.lproj/LaunchScreen.storyboard; sourceTree = "<group>"; };
		1B032B8324D9CE210041F61B /* Info.plist */ = {isa = PBXFileReference; lastKnownFileType = text.plist.xml; path = Info.plist; sourceTree = "<group>"; };
		1B032B8824D9CE210041F61B /* FoodTrackerTests.xctest */ = {isa = PBXFileReference; explicitFileType = wrapper.cfbundle; includeInIndex = 0; path = FoodTrackerTests.xctest; sourceTree = BUILT_PRODUCTS_DIR; };
		1B032B8C24D9CE210041F61B /* FoodTrackerTests.swift */ = {isa = PBXFileReference; lastKnownFileType = sourcecode.swift; path = FoodTrackerTests.swift; sourceTree = "<group>"; };
		1B032B8E24D9CE210041F61B /* Info.plist */ = {isa = PBXFileReference; lastKnownFileType = text.plist.xml; path = Info.plist; sourceTree = "<group>"; };
		1B5A034C24FECE40008716CC /* Meal.swift */ = {isa = PBXFileReference; lastKnownFileType = sourcecode.swift; path = Meal.swift; sourceTree = "<group>"; };
		1B5A034E24FED651008716CC /* MealTableViewCell.swift */ = {isa = PBXFileReference; lastKnownFileType = sourcecode.swift; path = MealTableViewCell.swift; sourceTree = "<group>"; };
		1B7D8C202508027000FA606F /* MealTableViewController.swift */ = {isa = PBXFileReference; lastKnownFileType = sourcecode.swift; path = MealTableViewController.swift; sourceTree = "<group>"; };
		1B7EEC2D2511494C00A6FF52 /* README.md */ = {isa = PBXFileReference; fileEncoding = 4; lastKnownFileType = net.daringfireball.markdown; path = README.md; sourceTree = "<group>"; };
		1BAFE7B124E3177900E47264 /* RatingControll.swift */ = {isa = PBXFileReference; lastKnownFileType = sourcecode.swift; path = RatingControll.swift; sourceTree = "<group>"; };
/* End PBXFileReference section */

/* Begin PBXFrameworksBuildPhase section */
		1B032B6F24D9CE1F0041F61B /* Frameworks */ = {
			isa = PBXFrameworksBuildPhase;
			buildActionMask = 2147483647;
			files = (
			);
			runOnlyForDeploymentPostprocessing = 0;
		};
		1B032B8524D9CE210041F61B /* Frameworks */ = {
			isa = PBXFrameworksBuildPhase;
			buildActionMask = 2147483647;
			files = (
			);
			runOnlyForDeploymentPostprocessing = 0;
		};
/* End PBXFrameworksBuildPhase section */

/* Begin PBXGroup section */
		1B032B6924D9CE1F0041F61B = {
			isa = PBXGroup;
			children = (
				1B032B7424D9CE1F0041F61B /* FoodTracker */,
				1B032B8B24D9CE210041F61B /* FoodTrackerTests */,
				1B7EEC2D2511494C00A6FF52 /* README.md */,
				1B032B7324D9CE1F0041F61B /* Products */,
			);
			sourceTree = "<group>";
		};
		1B032B7324D9CE1F0041F61B /* Products */ = {
			isa = PBXGroup;
			children = (
				1B032B7224D9CE1F0041F61B /* FoodTracker.app */,
				1B032B8824D9CE210041F61B /* FoodTrackerTests.xctest */,
			);
			name = Products;
			sourceTree = "<group>";
		};
		1B032B7424D9CE1F0041F61B /* FoodTracker */ = {
			isa = PBXGroup;
			children = (
				1B032B7524D9CE1F0041F61B /* AppDelegate.swift */,
				1B032B7724D9CE1F0041F61B /* SceneDelegate.swift */,
				1B032B7924D9CE1F0041F61B /* MealViewController.swift */,
				1BAFE7B124E3177900E47264 /* RatingControll.swift */,
				1B032B7B24D9CE1F0041F61B /* Main.storyboard */,
				1B032B7E24D9CE210041F61B /* Assets.xcassets */,
				1B032B8024D9CE210041F61B /* LaunchScreen.storyboard */,
				1B032B8324D9CE210041F61B /* Info.plist */,
				1B5A034C24FECE40008716CC /* Meal.swift */,
				1B5A034E24FED651008716CC /* MealTableViewCell.swift */,
				1B7D8C202508027000FA606F /* MealTableViewController.swift */,
			);
			path = FoodTracker;
			sourceTree = "<group>";
		};
		1B032B8B24D9CE210041F61B /* FoodTrackerTests */ = {
			isa = PBXGroup;
			children = (
				1B032B8C24D9CE210041F61B /* FoodTrackerTests.swift */,
				1B032B8E24D9CE210041F61B /* Info.plist */,
			);
			path = FoodTrackerTests;
			sourceTree = "<group>";
		};
/* End PBXGroup section */

/* Begin PBXNativeTarget section */
		1B032B7124D9CE1F0041F61B /* FoodTracker */ = {
			isa = PBXNativeTarget;
			buildConfigurationList = 1B032B9124D9CE210041F61B /* Build configuration list for PBXNativeTarget "FoodTracker" */;
			buildPhases = (
				1B032B6E24D9CE1F0041F61B /* Sources */,
				1B032B6F24D9CE1F0041F61B /* Frameworks */,
				1B032B7024D9CE1F0041F61B /* Resources */,
			);
			buildRules = (
			);
			dependencies = (
			);
			name = FoodTracker;
			productName = FoodTracker;
			productReference = 1B032B7224D9CE1F0041F61B /* FoodTracker.app */;
			productType = "com.apple.product-type.application";
		};
		1B032B8724D9CE210041F61B /* FoodTrackerTests */ = {
			isa = PBXNativeTarget;
			buildConfigurationList = 1B032B9424D9CE210041F61B /* Build configuration list for PBXNativeTarget "FoodTrackerTests" */;
			buildPhases = (
				1B032B8424D9CE210041F61B /* Sources */,
				1B032B8524D9CE210041F61B /* Frameworks */,
				1B032B8624D9CE210041F61B /* Resources */,
			);
			buildRules = (
			);
			dependencies = (
				1B032B8A24D9CE210041F61B /* PBXTargetDependency */,
			);
			name = FoodTrackerTests;
			productName = FoodTrackerTests;
			productReference = 1B032B8824D9CE210041F61B /* FoodTrackerTests.xctest */;
			productType = "com.apple.product-type.bundle.unit-test";
		};
/* End PBXNativeTarget section */

/* Begin PBXProject section */
		1B032B6A24D9CE1F0041F61B /* Project object */ = {
			isa = PBXProject;
			attributes = {
				LastSwiftUpdateCheck = 1110;
				LastUpgradeCheck = 1110;
				ORGANIZATIONNAME = "Abduqodiri Qurbonzoda";
				TargetAttributes = {
					1B032B7124D9CE1F0041F61B = {
						CreatedOnToolsVersion = 11.1;
					};
					1B032B8724D9CE210041F61B = {
						CreatedOnToolsVersion = 11.1;
						TestTargetID = 1B032B7124D9CE1F0041F61B;
					};
				};
			};
			buildConfigurationList = 1B032B6D24D9CE1F0041F61B /* Build configuration list for PBXProject "FoodTracker" */;
			compatibilityVersion = "Xcode 9.3";
			developmentRegion = en;
			hasScannedForEncodings = 0;
			knownRegions = (
				en,
				Base,
			);
			mainGroup = 1B032B6924D9CE1F0041F61B;
			productRefGroup = 1B032B7324D9CE1F0041F61B /* Products */;
			projectDirPath = "";
			projectRoot = "";
			targets = (
				1B032B7124D9CE1F0041F61B /* FoodTracker */,
				1B032B8724D9CE210041F61B /* FoodTrackerTests */,
			);
		};
/* End PBXProject section */

/* Begin PBXResourcesBuildPhase section */
		1B032B7024D9CE1F0041F61B /* Resources */ = {
			isa = PBXResourcesBuildPhase;
			buildActionMask = 2147483647;
			files = (
				1B032B8224D9CE210041F61B /* LaunchScreen.storyboard in Resources */,
				1B032B7F24D9CE210041F61B /* Assets.xcassets in Resources */,
				1B7EEC2E2511494C00A6FF52 /* README.md in Resources */,
				1B032B7D24D9CE1F0041F61B /* Main.storyboard in Resources */,
			);
			runOnlyForDeploymentPostprocessing = 0;
		};
		1B032B8624D9CE210041F61B /* Resources */ = {
			isa = PBXResourcesBuildPhase;
			buildActionMask = 2147483647;
			files = (
			);
			runOnlyForDeploymentPostprocessing = 0;
		};
/* End PBXResourcesBuildPhase section */

/* Begin PBXSourcesBuildPhase section */
		1B032B6E24D9CE1F0041F61B /* Sources */ = {
			isa = PBXSourcesBuildPhase;
			buildActionMask = 2147483647;
			files = (
				1B5A034D24FECE40008716CC /* Meal.swift in Sources */,
				1B032B7A24D9CE1F0041F61B /* MealViewController.swift in Sources */,
				1B7D8C212508027000FA606F /* MealTableViewController.swift in Sources */,
				1B5A034F24FED651008716CC /* MealTableViewCell.swift in Sources */,
				1BAFE7B224E3177900E47264 /* RatingControll.swift in Sources */,
				1B032B7624D9CE1F0041F61B /* AppDelegate.swift in Sources */,
				1B032B7824D9CE1F0041F61B /* SceneDelegate.swift in Sources */,
			);
			runOnlyForDeploymentPostprocessing = 0;
		};
		1B032B8424D9CE210041F61B /* Sources */ = {
			isa = PBXSourcesBuildPhase;
			buildActionMask = 2147483647;
			files = (
				1B032B8D24D9CE210041F61B /* FoodTrackerTests.swift in Sources */,
			);
			runOnlyForDeploymentPostprocessing = 0;
		};
/* End PBXSourcesBuildPhase section */

/* Begin PBXTargetDependency section */
		1B032B8A24D9CE210041F61B /* PBXTargetDependency */ = {
			isa = PBXTargetDependency;
			target = 1B032B7124D9CE1F0041F61B /* FoodTracker */;
			targetProxy = 1B032B8924D9CE210041F61B /* PBXContainerItemProxy */;
		};
/* End PBXTargetDependency section */

/* Begin PBXVariantGroup section */
		1B032B7B24D9CE1F0041F61B /* Main.storyboard */ = {
			isa = PBXVariantGroup;
			children = (
				1B032B7C24D9CE1F0041F61B /* Base */,
			);
			name = Main.storyboard;
			sourceTree = "<group>";
		};
		1B032B8024D9CE210041F61B /* LaunchScreen.storyboard */ = {
			isa = PBXVariantGroup;
			children = (
				1B032B8124D9CE210041F61B /* Base */,
			);
			name = LaunchScreen.storyboard;
			sourceTree = "<group>";
		};
/* End PBXVariantGroup section */

/* Begin XCBuildConfiguration section */
		1B032B8F24D9CE210041F61B /* Debug */ = {
			isa = XCBuildConfiguration;
			buildSettings = {
				ALWAYS_SEARCH_USER_PATHS = NO;
				CLANG_ANALYZER_NONNULL = YES;
				CLANG_ANALYZER_NUMBER_OBJECT_CONVERSION = YES_AGGRESSIVE;
				CLANG_CXX_LANGUAGE_STANDARD = "gnu++14";
				CLANG_CXX_LIBRARY = "libc++";
				CLANG_ENABLE_MODULES = YES;
				CLANG_ENABLE_OBJC_ARC = YES;
				CLANG_ENABLE_OBJC_WEAK = YES;
				CLANG_WARN_BLOCK_CAPTURE_AUTORELEASING = YES;
				CLANG_WARN_BOOL_CONVERSION = YES;
				CLANG_WARN_COMMA = YES;
				CLANG_WARN_CONSTANT_CONVERSION = YES;
				CLANG_WARN_DEPRECATED_OBJC_IMPLEMENTATIONS = YES;
				CLANG_WARN_DIRECT_OBJC_ISA_USAGE = YES_ERROR;
				CLANG_WARN_DOCUMENTATION_COMMENTS = YES;
				CLANG_WARN_EMPTY_BODY = YES;
				CLANG_WARN_ENUM_CONVERSION = YES;
				CLANG_WARN_INFINITE_RECURSION = YES;
				CLANG_WARN_INT_CONVERSION = YES;
				CLANG_WARN_NON_LITERAL_NULL_CONVERSION = YES;
				CLANG_WARN_OBJC_IMPLICIT_RETAIN_SELF = YES;
				CLANG_WARN_OBJC_LITERAL_CONVERSION = YES;
				CLANG_WARN_OBJC_ROOT_CLASS = YES_ERROR;
				CLANG_WARN_RANGE_LOOP_ANALYSIS = YES;
				CLANG_WARN_STRICT_PROTOTYPES = YES;
				CLANG_WARN_SUSPICIOUS_MOVE = YES;
				CLANG_WARN_UNGUARDED_AVAILABILITY = YES_AGGRESSIVE;
				CLANG_WARN_UNREACHABLE_CODE = YES;
				CLANG_WARN__DUPLICATE_METHOD_MATCH = YES;
				COPY_PHASE_STRIP = NO;
				DEBUG_INFORMATION_FORMAT = dwarf;
				ENABLE_STRICT_OBJC_MSGSEND = YES;
				ENABLE_TESTABILITY = YES;
				GCC_C_LANGUAGE_STANDARD = gnu11;
				GCC_DYNAMIC_NO_PIC = NO;
				GCC_NO_COMMON_BLOCKS = YES;
				GCC_OPTIMIZATION_LEVEL = 0;
				GCC_PREPROCESSOR_DEFINITIONS = (
					"DEBUG=1",
					"$(inherited)",
				);
				GCC_WARN_64_TO_32_BIT_CONVERSION = YES;
				GCC_WARN_ABOUT_RETURN_TYPE = YES_ERROR;
				GCC_WARN_UNDECLARED_SELECTOR = YES;
				GCC_WARN_UNINITIALIZED_AUTOS = YES_AGGRESSIVE;
				GCC_WARN_UNUSED_FUNCTION = YES;
				GCC_WARN_UNUSED_VARIABLE = YES;
				IPHONEOS_DEPLOYMENT_TARGET = 13.1;
				MTL_ENABLE_DEBUG_INFO = INCLUDE_SOURCE;
				MTL_FAST_MATH = YES;
				ONLY_ACTIVE_ARCH = YES;
				SDKROOT = iphoneos;
				SWIFT_ACTIVE_COMPILATION_CONDITIONS = DEBUG;
				SWIFT_OPTIMIZATION_LEVEL = "-Onone";
			};
			name = Debug;
		};
		1B032B9024D9CE210041F61B /* Release */ = {
			isa = XCBuildConfiguration;
			buildSettings = {
				ALWAYS_SEARCH_USER_PATHS = NO;
				CLANG_ANALYZER_NONNULL = YES;
				CLANG_ANALYZER_NUMBER_OBJECT_CONVERSION = YES_AGGRESSIVE;
				CLANG_CXX_LANGUAGE_STANDARD = "gnu++14";
				CLANG_CXX_LIBRARY = "libc++";
				CLANG_ENABLE_MODULES = YES;
				CLANG_ENABLE_OBJC_ARC = YES;
				CLANG_ENABLE_OBJC_WEAK = YES;
				CLANG_WARN_BLOCK_CAPTURE_AUTORELEASING = YES;
				CLANG_WARN_BOOL_CONVERSION = YES;
				CLANG_WARN_COMMA = YES;
				CLANG_WARN_CONSTANT_CONVERSION = YES;
				CLANG_WARN_DEPRECATED_OBJC_IMPLEMENTATIONS = YES;
				CLANG_WARN_DIRECT_OBJC_ISA_USAGE = YES_ERROR;
				CLANG_WARN_DOCUMENTATION_COMMENTS = YES;
				CLANG_WARN_EMPTY_BODY = YES;
				CLANG_WARN_ENUM_CONVERSION = YES;
				CLANG_WARN_INFINITE_RECURSION = YES;
				CLANG_WARN_INT_CONVERSION = YES;
				CLANG_WARN_NON_LITERAL_NULL_CONVERSION = YES;
				CLANG_WARN_OBJC_IMPLICIT_RETAIN_SELF = YES;
				CLANG_WARN_OBJC_LITERAL_CONVERSION = YES;
				CLANG_WARN_OBJC_ROOT_CLASS = YES_ERROR;
				CLANG_WARN_RANGE_LOOP_ANALYSIS = YES;
				CLANG_WARN_STRICT_PROTOTYPES = YES;
				CLANG_WARN_SUSPICIOUS_MOVE = YES;
				CLANG_WARN_UNGUARDED_AVAILABILITY = YES_AGGRESSIVE;
				CLANG_WARN_UNREACHABLE_CODE = YES;
				CLANG_WARN__DUPLICATE_METHOD_MATCH = YES;
				COPY_PHASE_STRIP = NO;
				DEBUG_INFORMATION_FORMAT = "dwarf-with-dsym";
				ENABLE_NS_ASSERTIONS = NO;
				ENABLE_STRICT_OBJC_MSGSEND = YES;
				GCC_C_LANGUAGE_STANDARD = gnu11;
				GCC_NO_COMMON_BLOCKS = YES;
				GCC_WARN_64_TO_32_BIT_CONVERSION = YES;
				GCC_WARN_ABOUT_RETURN_TYPE = YES_ERROR;
				GCC_WARN_UNDECLARED_SELECTOR = YES;
				GCC_WARN_UNINITIALIZED_AUTOS = YES_AGGRESSIVE;
				GCC_WARN_UNUSED_FUNCTION = YES;
				GCC_WARN_UNUSED_VARIABLE = YES;
				IPHONEOS_DEPLOYMENT_TARGET = 13.1;
				MTL_ENABLE_DEBUG_INFO = NO;
				MTL_FAST_MATH = YES;
				SDKROOT = iphoneos;
				SWIFT_COMPILATION_MODE = wholemodule;
				SWIFT_OPTIMIZATION_LEVEL = "-O";
				VALIDATE_PRODUCT = YES;
			};
			name = Release;
		};
		1B032B9224D9CE210041F61B /* Debug */ = {
			isa = XCBuildConfiguration;
			buildSettings = {
				ASSETCATALOG_COMPILER_APPICON_NAME = AppIcon;
				CODE_SIGN_STYLE = Automatic;
				INFOPLIST_FILE = FoodTracker/Info.plist;
				LD_RUNPATH_SEARCH_PATHS = (
					"$(inherited)",
					"@executable_path/Frameworks",
				);
				PRODUCT_BUNDLE_IDENTIFIER = com.example..FoodTracker;
				PRODUCT_NAME = "$(TARGET_NAME)";
				SWIFT_VERSION = 5.0;
				TARGETED_DEVICE_FAMILY = "1,2";
			};
			name = Debug;
		};
		1B032B9324D9CE210041F61B /* Release */ = {
			isa = XCBuildConfiguration;
			buildSettings = {
				ASSETCATALOG_COMPILER_APPICON_NAME = AppIcon;
				CODE_SIGN_STYLE = Automatic;
				INFOPLIST_FILE = FoodTracker/Info.plist;
				LD_RUNPATH_SEARCH_PATHS = (
					"$(inherited)",
					"@executable_path/Frameworks",
				);
				PRODUCT_BUNDLE_IDENTIFIER = com.example..FoodTracker;
				PRODUCT_NAME = "$(TARGET_NAME)";
				SWIFT_VERSION = 5.0;
				TARGETED_DEVICE_FAMILY = "1,2";
			};
			name = Release;
		};
		1B032B9524D9CE210041F61B /* Debug */ = {
			isa = XCBuildConfiguration;
			buildSettings = {
				ALWAYS_EMBED_SWIFT_STANDARD_LIBRARIES = YES;
				BUNDLE_LOADER = "$(TEST_HOST)";
				CODE_SIGN_STYLE = Automatic;
				INFOPLIST_FILE = FoodTrackerTests/Info.plist;
				IPHONEOS_DEPLOYMENT_TARGET = 13.1;
				LD_RUNPATH_SEARCH_PATHS = (
					"$(inherited)",
					"@executable_path/Frameworks",
					"@loader_path/Frameworks",
				);
				PRODUCT_BUNDLE_IDENTIFIER = com.example..FoodTrackerTests;
				PRODUCT_NAME = "$(TARGET_NAME)";
				SWIFT_VERSION = 5.0;
				TARGETED_DEVICE_FAMILY = "1,2";
				TEST_HOST = "$(BUILT_PRODUCTS_DIR)/FoodTracker.app/FoodTracker";
			};
			name = Debug;
		};
		1B032B9624D9CE210041F61B /* Release */ = {
			isa = XCBuildConfiguration;
			buildSettings = {
				ALWAYS_EMBED_SWIFT_STANDARD_LIBRARIES = YES;
				BUNDLE_LOADER = "$(TEST_HOST)";
				CODE_SIGN_STYLE = Automatic;
				INFOPLIST_FILE = FoodTrackerTests/Info.plist;
				IPHONEOS_DEPLOYMENT_TARGET = 13.1;
				LD_RUNPATH_SEARCH_PATHS = (
					"$(inherited)",
					"@executable_path/Frameworks",
					"@loader_path/Frameworks",
				);
				PRODUCT_BUNDLE_IDENTIFIER = com.example..FoodTrackerTests;
				PRODUCT_NAME = "$(TARGET_NAME)";
				SWIFT_VERSION = 5.0;
				TARGETED_DEVICE_FAMILY = "1,2";
				TEST_HOST = "$(BUILT_PRODUCTS_DIR)/FoodTracker.app/FoodTracker";
			};
			name = Release;
		};
/* End XCBuildConfiguration section */

/* Begin XCConfigurationList section */
		1B032B6D24D9CE1F0041F61B /* Build configuration list for PBXProject "FoodTracker" */ = {
			isa = XCConfigurationList;
			buildConfigurations = (
				1B032B8F24D9CE210041F61B /* Debug */,
				1B032B9024D9CE210041F61B /* Release */,
			);
			defaultConfigurationIsVisible = 0;
			defaultConfigurationName = Release;
		};
		1B032B9124D9CE210041F61B /* Build configuration list for PBXNativeTarget "FoodTracker" */ = {
			isa = XCConfigurationList;
			buildConfigurations = (
				1B032B9224D9CE210041F61B /* Debug */,
				1B032B9324D9CE210041F61B /* Release */,
			);
			defaultConfigurationIsVisible = 0;
			defaultConfigurationName = Release;
		};
		1B032B9424D9CE210041F61B /* Build configuration list for PBXNativeTarget "FoodTrackerTests" */ = {
			isa = XCConfigurationList;
			buildConfigurations = (
				1B032B9524D9CE210041F61B /* Debug */,
				1B032B9624D9CE210041F61B /* Release */,
			);
			defaultConfigurationIsVisible = 0;
			defaultConfigurationName = Release;
		};
/* End XCConfigurationList section */
	};
	rootObject = 1B032B6A24D9CE1F0041F61B /* Project object */;
}
